// !$*UTF8*$!
{
	archiveVersion = 1;
	classes = {
	};
	objectVersion = 48;
	objects = {

/* Begin PBXBuildFile section */
		F8B99AE72040E03A008E5215 /* AppDelegate.swift in Sources */ = {isa = PBXBuildFile; fileRef = F8B99AE62040E03A008E5215 /* AppDelegate.swift */; };
		F8B99AEC2040E03A008E5215 /* Main.storyboard in Resources */ = {isa = PBXBuildFile; fileRef = F8B99AEA2040E03A008E5215 /* Main.storyboard */; };
		F8B99AEF2040E03A008E5215 /* Homework.xcdatamodeld in Sources */ = {isa = PBXBuildFile; fileRef = F8B99AED2040E03A008E5215 /* Homework.xcdatamodeld */; };
		F8B99AF12040E03A008E5215 /* Assets.xcassets in Resources */ = {isa = PBXBuildFile; fileRef = F8B99AF02040E03A008E5215 /* Assets.xcassets */; };
		F8B99AF42040E03A008E5215 /* LaunchScreen.storyboard in Resources */ = {isa = PBXBuildFile; fileRef = F8B99AF22040E03A008E5215 /* LaunchScreen.storyboard */; };
		F8B99AFF2040E03A008E5215 /* HomeworkTests.swift in Sources */ = {isa = PBXBuildFile; fileRef = F8B99AFE2040E03A008E5215 /* HomeworkTests.swift */; };
		F8B99B0D2040E8B3008E5215 /* DirectoryTableViewController.swift in Sources */ = {isa = PBXBuildFile; fileRef = F8B99B0C2040E8B3008E5215 /* DirectoryTableViewController.swift */; };
		F8B99B0F2040E9DE008E5215 /* DirectoryTableViewCell.swift in Sources */ = {isa = PBXBuildFile; fileRef = F8B99B0E2040E9DE008E5215 /* DirectoryTableViewCell.swift */; };
		F8B99B112040EA7D008E5215 /* DirectoryConstants.swift in Sources */ = {isa = PBXBuildFile; fileRef = F8B99B102040EA7D008E5215 /* DirectoryConstants.swift */; };
		F8B99B132040EA99008E5215 /* BaseTableViewController.swift in Sources */ = {isa = PBXBuildFile; fileRef = F8B99B122040EA99008E5215 /* BaseTableViewController.swift */; };
		F8B99B152040EAED008E5215 /* UIKitExtensions.swift in Sources */ = {isa = PBXBuildFile; fileRef = F8B99B142040EAED008E5215 /* UIKitExtensions.swift */; };
		F8B99B1C2040F741008E5215 /* ProfileViewController.swift in Sources */ = {isa = PBXBuildFile; fileRef = F8B99B1B2040F741008E5215 /* ProfileViewController.swift */; };
		F8B99B1E2040FF4D008E5215 /* DictionaryApiController.swift in Sources */ = {isa = PBXBuildFile; fileRef = F8B99B1D2040FF4D008E5215 /* DictionaryApiController.swift */; };
		F8B99B2020410042008E5215 /* DictionaryDataProvider.swift in Sources */ = {isa = PBXBuildFile; fileRef = F8B99B1F20410042008E5215 /* DictionaryDataProvider.swift */; };
		F8B99B24204104FD008E5215 /* EmptyTableView.swift in Sources */ = {isa = PBXBuildFile; fileRef = F8B99B23204104FD008E5215 /* EmptyTableView.swift */; };
		F8B99B262041050A008E5215 /* EmptyTableView.xib in Resources */ = {isa = PBXBuildFile; fileRef = F8B99B252041050A008E5215 /* EmptyTableView.xib */; };
		F8B99B2A2041085D008E5215 /* TableHelper.swift in Sources */ = {isa = PBXBuildFile; fileRef = F8B99B292041085D008E5215 /* TableHelper.swift */; };
/* End PBXBuildFile section */

/* Begin PBXContainerItemProxy section */
		F8B99AFB2040E03A008E5215 /* PBXContainerItemProxy */ = {
			isa = PBXContainerItemProxy;
			containerPortal = F8B99ADB2040E03A008E5215 /* Project object */;
			proxyType = 1;
			remoteGlobalIDString = F8B99AE22040E03A008E5215;
			remoteInfo = Homework;
		};
/* End PBXContainerItemProxy section */

/* Begin PBXFileReference section */
		F8B99AE32040E03A008E5215 /* Homework.app */ = {isa = PBXFileReference; explicitFileType = wrapper.application; includeInIndex = 0; path = Homework.app; sourceTree = BUILT_PRODUCTS_DIR; };
		F8B99AE62040E03A008E5215 /* AppDelegate.swift */ = {isa = PBXFileReference; lastKnownFileType = sourcecode.swift; path = AppDelegate.swift; sourceTree = "<group>"; };
		F8B99AEB2040E03A008E5215 /* Base */ = {isa = PBXFileReference; lastKnownFileType = file.storyboard; name = Base; path = Base.lproj/Main.storyboard; sourceTree = "<group>"; };
		F8B99AEE2040E03A008E5215 /* Homework.xcdatamodel */ = {isa = PBXFileReference; lastKnownFileType = wrapper.xcdatamodel; path = Homework.xcdatamodel; sourceTree = "<group>"; };
		F8B99AF02040E03A008E5215 /* Assets.xcassets */ = {isa = PBXFileReference; lastKnownFileType = folder.assetcatalog; path = Assets.xcassets; sourceTree = "<group>"; };
		F8B99AF32040E03A008E5215 /* Base */ = {isa = PBXFileReference; lastKnownFileType = file.storyboard; name = Base; path = Base.lproj/LaunchScreen.storyboard; sourceTree = "<group>"; };
		F8B99AF52040E03A008E5215 /* Info.plist */ = {isa = PBXFileReference; lastKnownFileType = text.plist.xml; path = Info.plist; sourceTree = "<group>"; };
		F8B99AFA2040E03A008E5215 /* HomeworkTests.xctest */ = {isa = PBXFileReference; explicitFileType = wrapper.cfbundle; includeInIndex = 0; path = HomeworkTests.xctest; sourceTree = BUILT_PRODUCTS_DIR; };
		F8B99AFE2040E03A008E5215 /* HomeworkTests.swift */ = {isa = PBXFileReference; lastKnownFileType = sourcecode.swift; path = HomeworkTests.swift; sourceTree = "<group>"; };
		F8B99B002040E03A008E5215 /* Info.plist */ = {isa = PBXFileReference; lastKnownFileType = text.plist.xml; path = Info.plist; sourceTree = "<group>"; };
		F8B99B0C2040E8B3008E5215 /* DirectoryTableViewController.swift */ = {isa = PBXFileReference; lastKnownFileType = sourcecode.swift; path = DirectoryTableViewController.swift; sourceTree = "<group>"; };
		F8B99B0E2040E9DE008E5215 /* DirectoryTableViewCell.swift */ = {isa = PBXFileReference; lastKnownFileType = sourcecode.swift; path = DirectoryTableViewCell.swift; sourceTree = "<group>"; };
		F8B99B102040EA7D008E5215 /* DirectoryConstants.swift */ = {isa = PBXFileReference; lastKnownFileType = sourcecode.swift; path = DirectoryConstants.swift; sourceTree = "<group>"; };
		F8B99B122040EA99008E5215 /* BaseTableViewController.swift */ = {isa = PBXFileReference; lastKnownFileType = sourcecode.swift; path = BaseTableViewController.swift; sourceTree = "<group>"; };
		F8B99B142040EAED008E5215 /* UIKitExtensions.swift */ = {isa = PBXFileReference; lastKnownFileType = sourcecode.swift; path = UIKitExtensions.swift; sourceTree = "<group>"; };
		F8B99B1B2040F741008E5215 /* ProfileViewController.swift */ = {isa = PBXFileReference; lastKnownFileType = sourcecode.swift; path = ProfileViewController.swift; sourceTree = "<group>"; };
		F8B99B1D2040FF4D008E5215 /* DictionaryApiController.swift */ = {isa = PBXFileReference; lastKnownFileType = sourcecode.swift; path = DictionaryApiController.swift; sourceTree = "<group>"; };
		F8B99B1F20410042008E5215 /* DictionaryDataProvider.swift */ = {isa = PBXFileReference; lastKnownFileType = sourcecode.swift; path = DictionaryDataProvider.swift; sourceTree = "<group>"; };
		F8B99B23204104FD008E5215 /* EmptyTableView.swift */ = {isa = PBXFileReference; lastKnownFileType = sourcecode.swift; path = EmptyTableView.swift; sourceTree = "<group>"; };
		F8B99B252041050A008E5215 /* EmptyTableView.xib */ = {isa = PBXFileReference; lastKnownFileType = file.xib; path = EmptyTableView.xib; sourceTree = "<group>"; };
		F8B99B292041085D008E5215 /* TableHelper.swift */ = {isa = PBXFileReference; lastKnownFileType = sourcecode.swift; path = TableHelper.swift; sourceTree = "<group>"; };
/* End PBXFileReference section */

/* Begin PBXFrameworksBuildPhase section */
		F8B99AE02040E03A008E5215 /* Frameworks */ = {
			isa = PBXFrameworksBuildPhase;
			buildActionMask = 2147483647;
			files = (
			);
			runOnlyForDeploymentPostprocessing = 0;
		};
		F8B99AF72040E03A008E5215 /* Frameworks */ = {
			isa = PBXFrameworksBuildPhase;
			buildActionMask = 2147483647;
			files = (
			);
			runOnlyForDeploymentPostprocessing = 0;
		};
/* End PBXFrameworksBuildPhase section */

/* Begin PBXGroup section */
		F8B99ADA2040E03A008E5215 = {
			isa = PBXGroup;
			children = (
				F8B99AE52040E03A008E5215 /* Homework */,
				F8B99AFD2040E03A008E5215 /* HomeworkTests */,
				F8B99AE42040E03A008E5215 /* Products */,
			);
			sourceTree = "<group>";
		};
		F8B99AE42040E03A008E5215 /* Products */ = {
			isa = PBXGroup;
			children = (
				F8B99AE32040E03A008E5215 /* Homework.app */,
				F8B99AFA2040E03A008E5215 /* HomeworkTests.xctest */,
			);
			name = Products;
			sourceTree = "<group>";
		};
		F8B99AE52040E03A008E5215 /* Homework */ = {
			isa = PBXGroup;
			children = (
				F8B99B21204104D0008E5215 /* Components */,
				F8B99AE62040E03A008E5215 /* AppDelegate.swift */,
				F8B99B092040E24B008E5215 /* View */,
				F8B99B0A2040E267008E5215 /* Model */,
				F8B99B172040EB76008E5215 /* Storyboard */,
				F8B99B0B2040E2D1008E5215 /* Controller */,
				F8B99B162040EAF7008E5215 /* Util */,
				F8B99AF02040E03A008E5215 /* Assets.xcassets */,
				F8B99AF22040E03A008E5215 /* LaunchScreen.storyboard */,
				F8B99AF52040E03A008E5215 /* Info.plist */,
				F8B99B182040F282008E5215 /* Supporting files */,
			);
			path = Homework;
			sourceTree = "<group>";
		};
		F8B99AFD2040E03A008E5215 /* HomeworkTests */ = {
			isa = PBXGroup;
			children = (
				F8B99AFE2040E03A008E5215 /* HomeworkTests.swift */,
				F8B99B002040E03A008E5215 /* Info.plist */,
			);
			path = HomeworkTests;
			sourceTree = "<group>";
		};
		F8B99B092040E24B008E5215 /* View */ = {
			isa = PBXGroup;
			children = (
				F8B99B102040EA7D008E5215 /* DirectoryConstants.swift */,
				F8B99B122040EA99008E5215 /* BaseTableViewController.swift */,
				F8B99B0C2040E8B3008E5215 /* DirectoryTableViewController.swift */,
				F8B99B1F20410042008E5215 /* DictionaryDataProvider.swift */,
				F8B99B0E2040E9DE008E5215 /* DirectoryTableViewCell.swift */,
				F8B99B1B2040F741008E5215 /* ProfileViewController.swift */,
			);
			path = View;
			sourceTree = "<group>";
		};
		F8B99B0A2040E267008E5215 /* Model */ = {
			isa = PBXGroup;
			children = (
				F8B99AED2040E03A008E5215 /* Homework.xcdatamodeld */,
			);
			path = Model;
			sourceTree = "<group>";
		};
		F8B99B0B2040E2D1008E5215 /* Controller */ = {
			isa = PBXGroup;
			children = (
				F8B99B1D2040FF4D008E5215 /* DictionaryApiController.swift */,
			);
			path = Controller;
			sourceTree = "<group>";
		};
		F8B99B162040EAF7008E5215 /* Util */ = {
			isa = PBXGroup;
			children = (
				F8B99B142040EAED008E5215 /* UIKitExtensions.swift */,
				F8B99B292041085D008E5215 /* TableHelper.swift */,
			);
			path = Util;
			sourceTree = "<group>";
		};
		F8B99B172040EB76008E5215 /* Storyboard */ = {
			isa = PBXGroup;
			children = (
				F8B99AEA2040E03A008E5215 /* Main.storyboard */,
			);
			path = Storyboard;
			sourceTree = "<group>";
		};
		F8B99B182040F282008E5215 /* Supporting files */ = {
			isa = PBXGroup;
			children = (
			);
			path = "Supporting files";
			sourceTree = "<group>";
		};
		F8B99B21204104D0008E5215 /* Components */ = {
			isa = PBXGroup;
			children = (
				F8B99B22204104E0008E5215 /* Views */,
			);
			path = Components;
			sourceTree = "<group>";
		};
		F8B99B22204104E0008E5215 /* Views */ = {
			isa = PBXGroup;
			children = (
				F8B99B23204104FD008E5215 /* EmptyTableView.swift */,
				F8B99B252041050A008E5215 /* EmptyTableView.xib */,
			);
			path = Views;
			sourceTree = "<group>";
		};
/* End PBXGroup section */

/* Begin PBXNativeTarget section */
		F8B99AE22040E03A008E5215 /* Homework */ = {
			isa = PBXNativeTarget;
			buildConfigurationList = F8B99B032040E03A008E5215 /* Build configuration list for PBXNativeTarget "Homework" */;
			buildPhases = (
				F8B99ADF2040E03A008E5215 /* Sources */,
				F8B99AE02040E03A008E5215 /* Frameworks */,
				F8B99AE12040E03A008E5215 /* Resources */,
			);
			buildRules = (
			);
			dependencies = (
			);
			name = Homework;
			productName = Homework;
			productReference = F8B99AE32040E03A008E5215 /* Homework.app */;
			productType = "com.apple.product-type.application";
		};
		F8B99AF92040E03A008E5215 /* HomeworkTests */ = {
			isa = PBXNativeTarget;
			buildConfigurationList = F8B99B062040E03A008E5215 /* Build configuration list for PBXNativeTarget "HomeworkTests" */;
			buildPhases = (
				F8B99AF62040E03A008E5215 /* Sources */,
				F8B99AF72040E03A008E5215 /* Frameworks */,
				F8B99AF82040E03A008E5215 /* Resources */,
			);
			buildRules = (
			);
			dependencies = (
				F8B99AFC2040E03A008E5215 /* PBXTargetDependency */,
			);
			name = HomeworkTests;
			productName = HomeworkTests;
			productReference = F8B99AFA2040E03A008E5215 /* HomeworkTests.xctest */;
			productType = "com.apple.product-type.bundle.unit-test";
		};
/* End PBXNativeTarget section */

/* Begin PBXProject section */
		F8B99ADB2040E03A008E5215 /* Project object */ = {
			isa = PBXProject;
			attributes = {
				LastSwiftUpdateCheck = 0920;
				LastUpgradeCheck = 0920;
				ORGANIZATIONNAME = "Stacy Chang";
				TargetAttributes = {
					F8B99AE22040E03A008E5215 = {
						CreatedOnToolsVersion = 9.2;
						ProvisioningStyle = Automatic;
					};
					F8B99AF92040E03A008E5215 = {
						CreatedOnToolsVersion = 9.2;
						ProvisioningStyle = Automatic;
						TestTargetID = F8B99AE22040E03A008E5215;
					};
				};
			};
			buildConfigurationList = F8B99ADE2040E03A008E5215 /* Build configuration list for PBXProject "Homework" */;
			compatibilityVersion = "Xcode 8.0";
			developmentRegion = en;
			hasScannedForEncodings = 0;
			knownRegions = (
				en,
				Base,
			);
			mainGroup = F8B99ADA2040E03A008E5215;
			productRefGroup = F8B99AE42040E03A008E5215 /* Products */;
			projectDirPath = "";
			projectRoot = "";
			targets = (
				F8B99AE22040E03A008E5215 /* Homework */,
				F8B99AF92040E03A008E5215 /* HomeworkTests */,
			);
		};
/* End PBXProject section */

/* Begin PBXResourcesBuildPhase section */
		F8B99AE12040E03A008E5215 /* Resources */ = {
			isa = PBXResourcesBuildPhase;
			buildActionMask = 2147483647;
			files = (
				F8B99AF42040E03A008E5215 /* LaunchScreen.storyboard in Resources */,
				F8B99B262041050A008E5215 /* EmptyTableView.xib in Resources */,
				F8B99AF12040E03A008E5215 /* Assets.xcassets in Resources */,
				F8B99AEC2040E03A008E5215 /* Main.storyboard in Resources */,
			);
			runOnlyForDeploymentPostprocessing = 0;
		};
		F8B99AF82040E03A008E5215 /* Resources */ = {
			isa = PBXResourcesBuildPhase;
			buildActionMask = 2147483647;
			files = (
			);
			runOnlyForDeploymentPostprocessing = 0;
		};
/* End PBXResourcesBuildPhase section */

/* Begin PBXSourcesBuildPhase section */
		F8B99ADF2040E03A008E5215 /* Sources */ = {
			isa = PBXSourcesBuildPhase;
			buildActionMask = 2147483647;
			files = (
				F8B99B132040EA99008E5215 /* BaseTableViewController.swift in Sources */,
				F8B99B112040EA7D008E5215 /* DirectoryConstants.swift in Sources */,
				F8B99AEF2040E03A008E5215 /* Homework.xcdatamodeld in Sources */,
				F8B99B0D2040E8B3008E5215 /* DirectoryTableViewController.swift in Sources */,
				F8B99B2020410042008E5215 /* DictionaryDataProvider.swift in Sources */,
				F8B99B1E2040FF4D008E5215 /* DictionaryApiController.swift in Sources */,
				F8B99B24204104FD008E5215 /* EmptyTableView.swift in Sources */,
				F8B99AE72040E03A008E5215 /* AppDelegate.swift in Sources */,
				F8B99B2A2041085D008E5215 /* TableHelper.swift in Sources */,
				F8B99B152040EAED008E5215 /* UIKitExtensions.swift in Sources */,
				F8B99B1C2040F741008E5215 /* ProfileViewController.swift in Sources */,
				F8B99B0F2040E9DE008E5215 /* DirectoryTableViewCell.swift in Sources */,
			);
			runOnlyForDeploymentPostprocessing = 0;
		};
		F8B99AF62040E03A008E5215 /* Sources */ = {
			isa = PBXSourcesBuildPhase;
			buildActionMask = 2147483647;
			files = (
				F8B99AFF2040E03A008E5215 /* HomeworkTests.swift in Sources */,
			);
			runOnlyForDeploymentPostprocessing = 0;
		};
/* End PBXSourcesBuildPhase section */

/* Begin PBXTargetDependency section */
		F8B99AFC2040E03A008E5215 /* PBXTargetDependency */ = {
			isa = PBXTargetDependency;
			target = F8B99AE22040E03A008E5215 /* Homework */;
			targetProxy = F8B99AFB2040E03A008E5215 /* PBXContainerItemProxy */;
		};
/* End PBXTargetDependency section */

/* Begin PBXVariantGroup section */
		F8B99AEA2040E03A008E5215 /* Main.storyboard */ = {
			isa = PBXVariantGroup;
			children = (
				F8B99AEB2040E03A008E5215 /* Base */,
			);
			name = Main.storyboard;
			sourceTree = "<group>";
		};
		F8B99AF22040E03A008E5215 /* LaunchScreen.storyboard */ = {
			isa = PBXVariantGroup;
			children = (
				F8B99AF32040E03A008E5215 /* Base */,
			);
			name = LaunchScreen.storyboard;
			sourceTree = "<group>";
		};
/* End PBXVariantGroup section */

/* Begin XCBuildConfiguration section */
		F8B99B012040E03A008E5215 /* Debug */ = {
			isa = XCBuildConfiguration;
			buildSettings = {
				ALWAYS_SEARCH_USER_PATHS = NO;
				CLANG_ANALYZER_NONNULL = YES;
				CLANG_ANALYZER_NUMBER_OBJECT_CONVERSION = YES_AGGRESSIVE;
				CLANG_CXX_LANGUAGE_STANDARD = "gnu++14";
				CLANG_CXX_LIBRARY = "libc++";
				CLANG_ENABLE_MODULES = YES;
				CLANG_ENABLE_OBJC_ARC = YES;
				CLANG_WARN_BLOCK_CAPTURE_AUTORELEASING = YES;
				CLANG_WARN_BOOL_CONVERSION = YES;
				CLANG_WARN_COMMA = YES;
				CLANG_WARN_CONSTANT_CONVERSION = YES;
				CLANG_WARN_DIRECT_OBJC_ISA_USAGE = YES_ERROR;
				CLANG_WARN_DOCUMENTATION_COMMENTS = YES;
				CLANG_WARN_EMPTY_BODY = YES;
				CLANG_WARN_ENUM_CONVERSION = YES;
				CLANG_WARN_INFINITE_RECURSION = YES;
				CLANG_WARN_INT_CONVERSION = YES;
				CLANG_WARN_NON_LITERAL_NULL_CONVERSION = YES;
				CLANG_WARN_OBJC_LITERAL_CONVERSION = YES;
				CLANG_WARN_OBJC_ROOT_CLASS = YES_ERROR;
				CLANG_WARN_RANGE_LOOP_ANALYSIS = YES;
				CLANG_WARN_STRICT_PROTOTYPES = YES;
				CLANG_WARN_SUSPICIOUS_MOVE = YES;
				CLANG_WARN_UNGUARDED_AVAILABILITY = YES_AGGRESSIVE;
				CLANG_WARN_UNREACHABLE_CODE = YES;
				CLANG_WARN__DUPLICATE_METHOD_MATCH = YES;
				CODE_SIGN_IDENTITY = "iPhone Developer";
				COPY_PHASE_STRIP = NO;
				DEBUG_INFORMATION_FORMAT = dwarf;
				ENABLE_STRICT_OBJC_MSGSEND = YES;
				ENABLE_TESTABILITY = YES;
				GCC_C_LANGUAGE_STANDARD = gnu11;
				GCC_DYNAMIC_NO_PIC = NO;
				GCC_NO_COMMON_BLOCKS = YES;
				GCC_OPTIMIZATION_LEVEL = 0;
				GCC_PREPROCESSOR_DEFINITIONS = (
					"DEBUG=1",
					"$(inherited)",
				);
				GCC_WARN_64_TO_32_BIT_CONVERSION = YES;
				GCC_WARN_ABOUT_RETURN_TYPE = YES_ERROR;
				GCC_WARN_UNDECLARED_SELECTOR = YES;
				GCC_WARN_UNINITIALIZED_AUTOS = YES_AGGRESSIVE;
				GCC_WARN_UNUSED_FUNCTION = YES;
				GCC_WARN_UNUSED_VARIABLE = YES;
				IPHONEOS_DEPLOYMENT_TARGET = 11.2;
				MTL_ENABLE_DEBUG_INFO = YES;
				ONLY_ACTIVE_ARCH = YES;
				SDKROOT = iphoneos;
				SWIFT_ACTIVE_COMPILATION_CONDITIONS = DEBUG;
				SWIFT_OPTIMIZATION_LEVEL = "-Onone";
			};
			name = Debug;
		};
		F8B99B022040E03A008E5215 /* Release */ = {
			isa = XCBuildConfiguration;
			buildSettings = {
				ALWAYS_SEARCH_USER_PATHS = NO;
				CLANG_ANALYZER_NONNULL = YES;
				CLANG_ANALYZER_NUMBER_OBJECT_CONVERSION = YES_AGGRESSIVE;
				CLANG_CXX_LANGUAGE_STANDARD = "gnu++14";
				CLANG_CXX_LIBRARY = "libc++";
				CLANG_ENABLE_MODULES = YES;
				CLANG_ENABLE_OBJC_ARC = YES;
				CLANG_WARN_BLOCK_CAPTURE_AUTORELEASING = YES;
				CLANG_WARN_BOOL_CONVERSION = YES;
				CLANG_WARN_COMMA = YES;
				CLANG_WARN_CONSTANT_CONVERSION = YES;
				CLANG_WARN_DIRECT_OBJC_ISA_USAGE = YES_ERROR;
				CLANG_WARN_DOCUMENTATION_COMMENTS = YES;
				CLANG_WARN_EMPTY_BODY = YES;
				CLANG_WARN_ENUM_CONVERSION = YES;
				CLANG_WARN_INFINITE_RECURSION = YES;
				CLANG_WARN_INT_CONVERSION = YES;
				CLANG_WARN_NON_LITERAL_NULL_CONVERSION = YES;
				CLANG_WARN_OBJC_LITERAL_CONVERSION = YES;
				CLANG_WARN_OBJC_ROOT_CLASS = YES_ERROR;
				CLANG_WARN_RANGE_LOOP_ANALYSIS = YES;
				CLANG_WARN_STRICT_PROTOTYPES = YES;
				CLANG_WARN_SUSPICIOUS_MOVE = YES;
				CLANG_WARN_UNGUARDED_AVAILABILITY = YES_AGGRESSIVE;
				CLANG_WARN_UNREACHABLE_CODE = YES;
				CLANG_WARN__DUPLICATE_METHOD_MATCH = YES;
				CODE_SIGN_IDENTITY = "iPhone Developer";
				COPY_PHASE_STRIP = NO;
				DEBUG_INFORMATION_FORMAT = "dwarf-with-dsym";
				ENABLE_NS_ASSERTIONS = NO;
				ENABLE_STRICT_OBJC_MSGSEND = YES;
				GCC_C_LANGUAGE_STANDARD = gnu11;
				GCC_NO_COMMON_BLOCKS = YES;
				GCC_WARN_64_TO_32_BIT_CONVERSION = YES;
				GCC_WARN_ABOUT_RETURN_TYPE = YES_ERROR;
				GCC_WARN_UNDECLARED_SELECTOR = YES;
				GCC_WARN_UNINITIALIZED_AUTOS = YES_AGGRESSIVE;
				GCC_WARN_UNUSED_FUNCTION = YES;
				GCC_WARN_UNUSED_VARIABLE = YES;
				IPHONEOS_DEPLOYMENT_TARGET = 11.2;
				MTL_ENABLE_DEBUG_INFO = NO;
				SDKROOT = iphoneos;
				SWIFT_OPTIMIZATION_LEVEL = "-Owholemodule";
				VALIDATE_PRODUCT = YES;
			};
			name = Release;
		};
		F8B99B042040E03A008E5215 /* Debug */ = {
			isa = XCBuildConfiguration;
			buildSettings = {
				ASSETCATALOG_COMPILER_APPICON_NAME = AppIcon;
				CODE_SIGN_STYLE = Automatic;
				DEVELOPMENT_TEAM = D9DKBU8Z23;
				INFOPLIST_FILE = Homework/Info.plist;
				LD_RUNPATH_SEARCH_PATHS = "$(inherited) @executable_path/Frameworks";
				PRODUCT_BUNDLE_IDENTIFIER = com.slc.chang.Homework;
				PRODUCT_NAME = "$(TARGET_NAME)";
				SWIFT_VERSION = 4.0;
				TARGETED_DEVICE_FAMILY = "1,2";
			};
			name = Debug;
		};
		F8B99B052040E03A008E5215 /* Release */ = {
			isa = XCBuildConfiguration;
			buildSettings = {
				ASSETCATALOG_COMPILER_APPICON_NAME = AppIcon;
				CODE_SIGN_STYLE = Automatic;
				DEVELOPMENT_TEAM = D9DKBU8Z23;
				INFOPLIST_FILE = Homework/Info.plist;
				LD_RUNPATH_SEARCH_PATHS = "$(inherited) @executable_path/Frameworks";
				PRODUCT_BUNDLE_IDENTIFIER = com.slc.chang.Homework;
				PRODUCT_NAME = "$(TARGET_NAME)";
				SWIFT_VERSION = 4.0;
				TARGETED_DEVICE_FAMILY = "1,2";
			};
			name = Release;
		};
		F8B99B072040E03A008E5215 /* Debug */ = {
			isa = XCBuildConfiguration;
			buildSettings = {
				ALWAYS_EMBED_SWIFT_STANDARD_LIBRARIES = YES;
				BUNDLE_LOADER = "$(TEST_HOST)";
				CODE_SIGN_STYLE = Automatic;
				DEVELOPMENT_TEAM = D9DKBU8Z23;
				INFOPLIST_FILE = HomeworkTests/Info.plist;
				LD_RUNPATH_SEARCH_PATHS = "$(inherited) @executable_path/Frameworks @loader_path/Frameworks";
				PRODUCT_BUNDLE_IDENTIFIER = com.slc.chang.HomeworkTests;
				PRODUCT_NAME = "$(TARGET_NAME)";
				SWIFT_VERSION = 4.0;
				TARGETED_DEVICE_FAMILY = "1,2";
				TEST_HOST = "$(BUILT_PRODUCTS_DIR)/Homework.app/Homework";
			};
			name = Debug;
		};
		F8B99B082040E03A008E5215 /* Release */ = {
			isa = XCBuildConfiguration;
			buildSettings = {
				ALWAYS_EMBED_SWIFT_STANDARD_LIBRARIES = YES;
				BUNDLE_LOADER = "$(TEST_HOST)";
				CODE_SIGN_STYLE = Automatic;
				DEVELOPMENT_TEAM = D9DKBU8Z23;
				INFOPLIST_FILE = HomeworkTests/Info.plist;
				LD_RUNPATH_SEARCH_PATHS = "$(inherited) @executable_path/Frameworks @loader_path/Frameworks";
				PRODUCT_BUNDLE_IDENTIFIER = com.slc.chang.HomeworkTests;
				PRODUCT_NAME = "$(TARGET_NAME)";
				SWIFT_VERSION = 4.0;
				TARGETED_DEVICE_FAMILY = "1,2";
				TEST_HOST = "$(BUILT_PRODUCTS_DIR)/Homework.app/Homework";
			};
			name = Release;
		};
/* End XCBuildConfiguration section */

/* Begin XCConfigurationList section */
		F8B99ADE2040E03A008E5215 /* Build configuration list for PBXProject "Homework" */ = {
			isa = XCConfigurationList;
			buildConfigurations = (
				F8B99B012040E03A008E5215 /* Debug */,
				F8B99B022040E03A008E5215 /* Release */,
			);
			defaultConfigurationIsVisible = 0;
			defaultConfigurationName = Release;
		};
		F8B99B032040E03A008E5215 /* Build configuration list for PBXNativeTarget "Homework" */ = {
			isa = XCConfigurationList;
			buildConfigurations = (
				F8B99B042040E03A008E5215 /* Debug */,
				F8B99B052040E03A008E5215 /* Release */,
			);
			defaultConfigurationIsVisible = 0;
			defaultConfigurationName = Release;
		};
		F8B99B062040E03A008E5215 /* Build configuration list for PBXNativeTarget "HomeworkTests" */ = {
			isa = XCConfigurationList;
			buildConfigurations = (
				F8B99B072040E03A008E5215 /* Debug */,
				F8B99B082040E03A008E5215 /* Release */,
			);
			defaultConfigurationIsVisible = 0;
			defaultConfigurationName = Release;
		};
/* End XCConfigurationList section */

/* Begin XCVersionGroup section */
		F8B99AED2040E03A008E5215 /* Homework.xcdatamodeld */ = {
			isa = XCVersionGroup;
			children = (
				F8B99AEE2040E03A008E5215 /* Homework.xcdatamodel */,
			);
			currentVersion = F8B99AEE2040E03A008E5215 /* Homework.xcdatamodel */;
			path = Homework.xcdatamodeld;
			sourceTree = "<group>";
			versionGroupType = wrapper.xcdatamodel;
		};
/* End XCVersionGroup section */
	};
	rootObject = F8B99ADB2040E03A008E5215 /* Project object */;
}
